langcode: en
status: true
dependencies:
  module:
    - oe_corporate_blocks
  theme:
    - bartik
id: sidebar_block
theme: bartik
region: sidebar_second
weight: 0
provider: null
plugin: oe_sidebar
settings:
  id: oe_sidebar
  label: 'OpenEuropa Footer block'
  provider: oe_corporate_blocks
  label_display: '0'
visibility: {  }
